github.com/douglasmg7/aldoutil v0.5.0 h1:b82VjO/8YH5Fj6LQ9HRmLLgsIwDNit1nAjCI8uQDOYg=
github.com/douglasmg7/aldoutil v0.5.0/go.mod h1:/zDTPhv6Te482Sflqi/XkahzZCzqCvoBzhTH6gxPGTE=
github.com/douglasmg7/aldoutil v1.0.0 h1:QnYHg4PJWwZ1nlEtX89GUb31rV3N1vCFBwaDiNR7CXo=
github.com/douglasmg7/aldoutil v1.0.0/go.mod h1:dXPQJ7Yo1CkgXGzPL3cH3NmjjvvQdi23xVjUMP3ho8k=
github.com/douglasmg7/aldoutil v1.0.1 h1:sxmI/BAGd/jFHyig256hoPM8YvLgSrW6YH1WpMKOicY=
github.com/douglasmg7/aldoutil v1.0.1/go.mod h1:dXPQJ7Yo1CkgXGzPL3cH3NmjjvvQdi23xVjUMP3ho8k=
github.com/douglasmg7/aldoutil v1.0.2 h1:09uY4gqW3Bmh22S+g591g/qQmjCWSw5B64m7Krx866g=
github.com/douglasmg7/aldoutil v1.0.2/go.mod h1:dXPQJ7Yo1CkgXGzPL3cH3NmjjvvQdi23xVjUMP3ho8k=
github.com/douglasmg7/aldoutil v1.0.3 h1:3k+Oqn7+8Giae6GsgJnZ7W8d7txEiE1WTtGWz3XIveM=
github.com/douglasmg7/aldoutil v1.0.3/go.mod h1:dXPQJ7Yo1CkgXGzPL3cH3NmjjvvQdi23xVjUMP3ho8k=
github.com/douglasmg7/aldoutil v1.0.4 h1:1kTelo+qSTnT/alme+SLmd7QuAtPbAgrM0xa1xU60AE=
github.com/douglasmg7/aldoutil v1.0.4/go.mod h1:dXPQJ7Yo1CkgXGzPL3cH3NmjjvvQdi23xVjUMP3ho8k=
github.com/douglasmg7/aldoutil v1.0.5 h1:bgke9ATXVCNVB91jFo9NFJpQPkS0hAf6O6eJ/RJEw2U=
github.com/douglasmg7/aldoutil v1.0.5/go.mod h1:dXPQJ7Yo1CkgXGzPL3cH3NmjjvvQdi23xVjUMP3ho8k=
github.com/douglasmg7/aldoutil v1.1.0 h1:P7KGfb6g6AVc182ejwJu5nRXHdve9pTu7nwYrZrY1wA=
github.com/douglasmg7/aldoutil v1.1.0/go.mod h1:dXPQJ7Yo1CkgXGzPL3cH3NmjjvvQdi23xVjUMP3ho8k=
github.com/douglasmg7/aldoutil v1.2.0 h1:Vmv0M5IAsmTHRdnmAhvYmz3govgGyPjtnk3/a58ipIw=
github.com/douglasmg7/aldoutil v1.2.0/go.mod h1:dXPQJ7Yo1CkgXGzPL3cH3NmjjvvQdi23xVjUMP3ho8k=
github.com/douglasmg7/aldoutil v1.3.0 h1:DuSQLSutoAj7hOoAsZGaaF/gHusgTru3fuaspFxApMU=
github.com/douglasmg7/aldoutil v1.3.0/go.mod h1:dXPQJ7Yo1CkgXGzPL3cH3NmjjvvQdi23xVjUMP3ho8k=
github.com/douglasmg7/aldoutil v1.3.1 h1:myS5/K5QL8wPUis/gHGmRMpZEzNWJoJksIs7QR4mU5E=
github.com/douglasmg7/aldoutil v1.3.1/go.mod h1:dXPQJ7Yo1CkgXGzPL3cH3NmjjvvQdi23xVjUMP3ho8k=
github.com/douglasmg7/bluetang v0.1.0 h1:ujs26ufesuutEmz25piT0/zkdxZ78aGvwCRcbipyXUA=
github.com/douglasmg7/bluetang v0.1.0/go.mod h1:e12TAE6oZg4TkT0ST5m2YwWDGfr7pw35XLpmtd55OWI=
github.com/douglasmg7/bluetang v0.2.0 h1:id0rt7oUXGBUTm3Koa8ieHoul0jNn8a8iZHh/o78wj8=
github.com/douglasmg7/bluetang v0.2.0/go.mod h1:Pal+FW70FsFL8auy/kJtBTy2wxqorzn5SOSms+kxYfM=
github.com/douglasmg7/currency v0.2.0 h1:gnGRRs/mX/rh8EcIeCEY7UeUREDAry9B9B+AP2S/AjY=
github.com/douglasmg7/currency v0.2.0/go.mod h1:x4jugV2eqtcVcF0gn7aJ7RORWcuYW5N/f6S2v4phBL8=
github.com/fsnotify/fsnotify v1.4.7/go.mod h1:jwhsz4b93w/PPRr/qN1Yymfu8t87LnFCMoQvtojpjFo=
github.com/go-redis/redis v6.15.9+incompatible h1:K0pv1D7EQUjfyoMql+r/jZqCLizCGKFlFgcHWWmHQjg=
github.com/go-redis/redis/v7 v7.4.0 h1:7obg6wUoj05T0EpY0o8B59S9w5yeMWql7sw2kwNW1x4=
github.com/go-redis/redis/v7 v7.4.0/go.mod h1:JDNMw23GTyLNC4GZu9njt15ctBQVn7xjRfnwdHj/Dcg=
github.com/go-sql-driver/mysql v1.4.0 h1:7LxgVwFb2hIQtMm87NdgAVfXjnt4OePseqT1tKx+opk=
github.com/go-sql-driver/mysql v1.4.0/go.mod h1:zAC/RDZ24gD3HViQzih4MyKcchzm+sOG5ZlKdlhCg5w=
github.com/golang/protobuf v1.2.0/go.mod h1:6lQm79b+lXiMfvg/cZm0SGofjICqVBUtrP5yJMmIC1U=
github.com/golang/protobuf v1.3.2/go.mod h1:6lQm79b+lXiMfvg/cZm0SGofjICqVBUtrP5yJMmIC1U=
github.com/gomarkdown/markdown v0.0.0-20200127000047-1813ea067497 h1:wJkj+x9gPYlDyM34C6r3SXPs270coWeh85wu1CsusDo=
github.com/gomarkdown/markdown v0.0.0-20200127000047-1813ea067497/go.mod h1:aii0r/K0ZnHv7G0KF7xy1v0A7s2Ljrb5byB7MO5p6TU=
github.com/hpcloud/tail v1.0.0 h1:nfCOvKYfkgYP8hkirhJocXT2+zOD8yUNjXaWfTlyFKI=
github.com/hpcloud/tail v1.0.0/go.mod h1:ab1qPbhIpdTxEkNHXyeSf5vhxWSCs/tWer42PpOxQnU=
github.com/jmoiron/sqlx v1.2.0 h1:41Ip0zITnmWNR/vHV+S4m+VoUivnWY5E4OJfLZjCJMA=
github.com/jmoiron/sqlx v1.2.0/go.mod h1:1FEQNm3xlJgrMD+FBdI9+xvCksHtbpVBBw5dYhBSsks=
github.com/julienschmidt/httprouter v1.3.0 h1:U0609e9tgbseu3rBINet9P48AI/D3oJs4dN7jwJOQ1U=
github.com/julienschmidt/httprouter v1.3.0/go.mod h1:JR6WtHb+2LUe8TCKY3cZOxFyyO8IZAc4RVcycCCAKdM=
github.com/kr/pretty v0.1.0/go.mod h1:dAy3ld7l9f0ibDNOQOHHMYYIIbhfbHSm3C4ZsoJORNo=
github.com/kr/pty v1.1.1/go.mod h1:pFQYn66WHrOpPYNljwOMqo10TkYh1fy3cYio2l3bCsQ=
github.com/kr/text v0.1.0/go.mod h1:4Jbv+DJW3UT/LiOwJeYQe1efqtUx/iVham/4vfdArNI=
github.com/lib/pq v1.0.0 h1:X5PMW56eZitiTeO7tKzZxFCSpbFZJtkMMooicw2us9A=
github.com/lib/pq v1.0.0/go.mod h1:5WUZQaWbwv1U+lTReE5YruASi9Al49XbQIvNi/34Woo=
github.com/mattn/go-sqlite3 v1.9.0 h1:pDRiWfl+++eC2FEFRy6jXmQlvp4Yh3z1MJKg4UeYM/4=
github.com/mattn/go-sqlite3 v1.9.0/go.mod h1:FPy6KqzDD04eiIsT53CuJW3U88zkxoIYsOqkbpncsNc=
github.com/mattn/go-sqlite3 v1.13.0 h1:LnJI81JidiW9r7pS/hXe6cFeO5EXNq7KbfvoJLRI69c=
github.com/mattn/go-sqlite3 v2.0.3+incompatible h1:gXHsfypPkaMZrKbD5209QV9jbUTJKjyR5WD3HYQSd+U=
github.com/mattn/go-sqlite3 v2.0.3+incompatible/go.mod h1:FPy6KqzDD04eiIsT53CuJW3U88zkxoIYsOqkbpncsNc=
github.com/onsi/ginkgo v1.6.0/go.mod h1:lLunBs/Ym6LB5Z9jYTR76FiuTmxDTDusOGeTQH+WWjE=
github.com/onsi/ginkgo v1.10.1 h1:q/mM8GF/n0shIN8SaAZ0V+jnLPzen6WIVZdiwrRlMlo=
github.com/onsi/ginkgo v1.10.1/go.mod h1:lLunBs/Ym6LB5Z9jYTR76FiuTmxDTDusOGeTQH+WWjE=
github.com/onsi/gomega v1.7.0 h1:XPnZz8VVBHjVsy1vzJmRwIcSwiUO+JFfrv/xGiigmME=
github.com/onsi/gomega v1.7.0/go.mod h1:ex+gbHU/CVuBBDIJjb2X0qEXbFg53c61hWP/1CpauHY=
github.com/satori/go.uuid v1.2.0 h1:0uYX9dsZ2yD7q2RtLRtPSdGDWzjeM3TbMJP9utgA0ww=
github.com/satori/go.uuid v1.2.0/go.mod h1:dA0hQrYB0VpLJoorglMZABFdXlWrHn1NEOzdhQKdks0=
golang.org/dl v0.0.0-20190829154251-82a15e2f2ead/go.mod h1:IUMfjQLJQd4UTqG1Z90tenwKoCX93Gn3MAQJMOSBsDQ=
golang.org/x/crypto v0.0.0-20190308221718-c2843e01d9a2/go.mod h1:djNgcEr1/C05ACkg1iLfiJU5Ep61QUkGW8qpdssI0+w=
golang.org/x/crypto v0.0.0-20200302210943-78000ba7a073 h1:xMPOj6Pz6UipU1wXLkrtqpHbR0AVFnyPEQq/wRWz9lM=
golang.org/x/crypto v0.0.0-20200302210943-78000ba7a073/go.mod h1:LzIPMQfyMNhhGPhUkYOs5KpL4U8rLKemX1yGLhDgUto=
golang.org/x/net v0.0.0-20180906233101-161cd47e91fd/go.mod h1:mL1N/T3taQHkDXs73rZJwtUhF3w3ftmwwsq0BUmARs4=
golang.org/x/net v0.0.0-20190404232315-eb5bcb51f2a3/go.mod h1:t9HGtf8HONx5eT2rtn7q6eTqICYqUVnKs3thJo3Qplg=
golang.org/x/net v0.0.0-20190923162816-aa69164e4478 h1:l5EDrHhldLYb3ZRHDUhXF7Om7MvYXnkV9/iQNo1lX6g=
golang.org/x/net v0.0.0-20190923162816-aa69164e4478/go.mod h1:z5CRVTTTmAJ677TzLLGU+0bjPO0LkuOLi4/5GtJWs/s=
golang.org/x/sync v0.0.0-20180314180146-1d60e4601c6f/go.mod h1:RxMgew5VJxzue5/jJTE5uejpjVlOe/izrB70Jof72aM=
golang.org/x/sys v0.0.0-20180909124046-d0be0721c37e/go.mod h1:STP8DvDyc/dI5b8T5hshtkjS+E42TnysNCUPdjciGhY=
golang.org/x/sys v0.0.0-20190215142949-d0b11bdaac8a/go.mod h1:STP8DvDyc/dI5b8T5hshtkjS+E42TnysNCUPdjciGhY=
golang.org/x/sys v0.0.0-20190412213103-97732733099d/go.mod h1:h1NjWce9XRLGQEsW7wpKNCjG9DtNlClVuFLEZdDNbEs=
golang.org/x/sys v0.0.0-20191010194322-b09406accb47 h1:/XfQ9z7ib8eEJX2hdgFTZJ/ntt0swNk5oYBziWeTCvY=
golang.org/x/sys v0.0.0-20191010194322-b09406accb47/go.mod h1:h1NjWce9XRLGQEsW7wpKNCjG9DtNlClVuFLEZdDNbEs=
golang.org/x/text v0.3.0/go.mod h1:NqM8EUOU14njkJ3fqMW+pc6Ldnwhi/IjpwHt7yyuwOQ=
golang.org/x/text v0.3.2 h1:tW2bmiBqwgJj/UpqtC8EpXEZVYOwU0yG4iWbprSVAcs=
golang.org/x/text v0.3.2/go.mod h1:bEr9sfX3Q8Zfm5fL9x+3itogRgK3+ptLWKqgva+5dAk=
golang.org/x/tools v0.0.0-20180917221912-90fa682c2a6e/go.mod h1:n7NCudcB/nEzxVGmLbDWY5pfWTLqBcC2KZ6jyYvM4mQ=
gopkg.in/check.v1 v0.0.0-20161208181325-20d25e280405/go.mod h1:Co6ibVJAznAaIkqp8huTwlJQCZ016jof/cbN4VW5Yz0=
gopkg.in/check.v1 v1.0.0-20190902080502-41f04d3bba15/go.mod h1:Co6ibVJAznAaIkqp8huTwlJQCZ016jof/cbN4VW5Yz0=
gopkg.in/fsnotify.v1 v1.4.7 h1:xOHLXZwVvI9hhs+cLKq5+I5onOuwQLhQwiu63xxlHs4=
gopkg.in/fsnotify.v1 v1.4.7/go.mod h1:Tz8NjZHkW78fSQdbUxIjBTcgA1z1m8ZHf0WmKUhAMys=
gopkg.in/tomb.v1 v1.0.0-20141024135613-dd632973f1e7 h1:uRGJdciOHaEIrze2W8Q3AKkepLTh2hOroT7a+7czfdQ=
gopkg.in/tomb.v1 v1.0.0-20141024135613-dd632973f1e7/go.mod h1:dt/ZhP58zS4L8KSrWDmTeBkI65Dw0HsyUHuEVlX15mw=
gopkg.in/yaml.v2 v2.2.1/go.mod h1:hI93XBmqTisBFMUTm0b8Fm+jr3Dg1NNxqwp+5A1VGuI=
gopkg.in/yaml.v2 v2.2.4 h1:/eiJrUcujPVeJ3xlSWaiNi3uSVmDGBK1pDHUHAnao1I=
gopkg.in/yaml.v2 v2.2.4/go.mod h1:hI93XBmqTisBFMUTm0b8Fm+jr3Dg1NNxqwp+5A1VGuI=
